
Microsoft Visual Studio Solution File, Format Version 12.00
# Visual Studio 15
VisualStudioVersion = 15.0.27428.2015
MinimumVisualStudioVersion = 10.0.40219.1
Project("{FAE04EC0-301F-11D3-BF4B-00C04F79EFBC}") = "Harta Interactiva", "Harta Interactiva\Harta Interactiva.csproj", "{510D230B-DD27-43D4-85FE-C1A38ECA8C0A}"
EndProject
Global
	GlobalSection(SolutionConfigurationPlatforms) = preSolution
		Debug|Any CPU = Debug|Any CPU
		Release|Any CPU = Release|Any CPU
	EndGlobalSection
	GlobalSection(ProjectConfigurationPlatforms) = postSolution
		{510D230B-DD27-43D4-85FE-C1A38ECA8C0A}.Debug|Any CPU.ActiveCfg = Debug|Any CPU
		{510D230B-DD27-43D4-85FE-C1A38ECA8C0A}.Debug|Any CPU.Build.0 = Debug|Any CPU
		{510D230B-DD27-43D4-85FE-C1A38ECA8C0A}.Release|Any CPU.ActiveCfg = Release|Any CPU
		{510D230B-DD27-43D4-85FE-C1A38ECA8C0A}.Release|Any CPU.Build.0 = Release|Any CPU
	EndGlobalSection
	GlobalSection(SolutionProperties) = preSolution
		HideSolutionNode = FALSE
	EndGlobalSection
	GlobalSection(ExtensibilityGlobals) = postSolution
		SolutionGuid = {01CE3CE3-5338-4005-97BA-1C5082A1A0A3}
	EndGlobalSection
EndGlobal
